
Microsoft Visual Studio Solution File, Format Version 12.00
# Visual Studio Version 17
VisualStudioVersion = 17.2.32630.192
MinimumVisualStudioVersion = 10.0.40219.1
Project("{FAE04EC0-301F-11D3-BF4B-00C04F79EFBC}") = "atrapalo-api", "atrapalo-api\atrapalo-api.csproj", "{134F0024-AE44-494C-B676-8C0F815D08D6}"
EndProject
Global
	GlobalSection(SolutionConfigurationPlatforms) = preSolution
		Debug|Any CPU = Debug|Any CPU
		Release|Any CPU = Release|Any CPU
	EndGlobalSection
	GlobalSection(ProjectConfigurationPlatforms) = postSolution
		{134F0024-AE44-494C-B676-8C0F815D08D6}.Debug|Any CPU.ActiveCfg = Debug|Any CPU
		{134F0024-AE44-494C-B676-8C0F815D08D6}.Debug|Any CPU.Build.0 = Debug|Any CPU
		{134F0024-AE44-494C-B676-8C0F815D08D6}.Release|Any CPU.ActiveCfg = Release|Any CPU
		{134F0024-AE44-494C-B676-8C0F815D08D6}.Release|Any CPU.Build.0 = Release|Any CPU
	EndGlobalSection
	GlobalSection(SolutionProperties) = preSolution
		HideSolutionNode = FALSE
	EndGlobalSection
	GlobalSection(ExtensibilityGlobals) = postSolution
		SolutionGuid = {F28236DC-E511-4899-9AE7-661E573973BF}
	EndGlobalSection
EndGlobal
